
Microsoft Visual Studio Solution File, Format Version 12.00
# Visual Studio Version 16
VisualStudioVersion = 16.0.31424.327
MinimumVisualStudioVersion = 10.0.40219.1
Project("{8BC9CEB8-8B4A-11D0-8D11-00A0C91BC942}") = "List of one element code", "List of one element code\List of one element code.vcxproj", "{0786C1CD-405B-427F-B30C-4211516EA840}"
EndProject
Global
	GlobalSection(SolutionConfigurationPlatforms) = preSolution
		Debug|x64 = Debug|x64
		Debug|x86 = Debug|x86
		Release|x64 = Release|x64
		Release|x86 = Release|x86
	EndGlobalSection
	GlobalSection(ProjectConfigurationPlatforms) = postSolution
		{0786C1CD-405B-427F-B30C-4211516EA840}.Debug|x64.ActiveCfg = Debug|x64
		{0786C1CD-405B-427F-B30C-4211516EA840}.Debug|x64.Build.0 = Debug|x64
		{0786C1CD-405B-427F-B30C-4211516EA840}.Debug|x86.ActiveCfg = Debug|Win32
		{0786C1CD-405B-427F-B30C-4211516EA840}.Debug|x86.Build.0 = Debug|Win32
		{0786C1CD-405B-427F-B30C-4211516EA840}.Release|x64.ActiveCfg = Release|x64
		{0786C1CD-405B-427F-B30C-4211516EA840}.Release|x64.Build.0 = Release|x64
		{0786C1CD-405B-427F-B30C-4211516EA840}.Release|x86.ActiveCfg = Release|Win32
		{0786C1CD-405B-427F-B30C-4211516EA840}.Release|x86.Build.0 = Release|Win32
	EndGlobalSection
	GlobalSection(SolutionProperties) = preSolution
		HideSolutionNode = FALSE
	EndGlobalSection
	GlobalSection(ExtensibilityGlobals) = postSolution
		SolutionGuid = {2CABB003-00D6-4DBC-B30B-D0A7D7AA7DFF}
	EndGlobalSection
EndGlobal
