
Microsoft Visual Studio Solution File, Format Version 12.00
# Visual Studio Version 16
VisualStudioVersion = 16.0.31424.327
MinimumVisualStudioVersion = 10.0.40219.1
Project("{8BC9CEB8-8B4A-11D0-8D11-00A0C91BC942}") = "More advanced IO printf", "More advanced IO printf\More advanced IO printf.vcxproj", "{328C504F-325F-448B-80F0-CE31FB321779}"
EndProject
Global
	GlobalSection(SolutionConfigurationPlatforms) = preSolution
		Debug|x64 = Debug|x64
		Debug|x86 = Debug|x86
		Release|x64 = Release|x64
		Release|x86 = Release|x86
	EndGlobalSection
	GlobalSection(ProjectConfigurationPlatforms) = postSolution
		{328C504F-325F-448B-80F0-CE31FB321779}.Debug|x64.ActiveCfg = Debug|x64
		{328C504F-325F-448B-80F0-CE31FB321779}.Debug|x64.Build.0 = Debug|x64
		{328C504F-325F-448B-80F0-CE31FB321779}.Debug|x86.ActiveCfg = Debug|Win32
		{328C504F-325F-448B-80F0-CE31FB321779}.Debug|x86.Build.0 = Debug|Win32
		{328C504F-325F-448B-80F0-CE31FB321779}.Release|x64.ActiveCfg = Release|x64
		{328C504F-325F-448B-80F0-CE31FB321779}.Release|x64.Build.0 = Release|x64
		{328C504F-325F-448B-80F0-CE31FB321779}.Release|x86.ActiveCfg = Release|Win32
		{328C504F-325F-448B-80F0-CE31FB321779}.Release|x86.Build.0 = Release|Win32
	EndGlobalSection
	GlobalSection(SolutionProperties) = preSolution
		HideSolutionNode = FALSE
	EndGlobalSection
	GlobalSection(ExtensibilityGlobals) = postSolution
		SolutionGuid = {5A59DAAE-46DA-4F86-8E4B-CA40787C0163}
	EndGlobalSection
EndGlobal
