
Microsoft Visual Studio Solution File, Format Version 12.00
# Visual Studio Version 16
VisualStudioVersion = 16.0.31424.327
MinimumVisualStudioVersion = 10.0.40219.1
Project("{8BC9CEB8-8B4A-11D0-8D11-00A0C91BC942}") = "Cond-comma-ops quiz", "Cond-comma-ops quiz\Cond-comma-ops quiz.vcxproj", "{B4843E08-FEB1-4F89-87A9-8CC965A7477D}"
EndProject
Global
	GlobalSection(SolutionConfigurationPlatforms) = preSolution
		Debug|x64 = Debug|x64
		Debug|x86 = Debug|x86
		Release|x64 = Release|x64
		Release|x86 = Release|x86
	EndGlobalSection
	GlobalSection(ProjectConfigurationPlatforms) = postSolution
		{B4843E08-FEB1-4F89-87A9-8CC965A7477D}.Debug|x64.ActiveCfg = Debug|x64
		{B4843E08-FEB1-4F89-87A9-8CC965A7477D}.Debug|x64.Build.0 = Debug|x64
		{B4843E08-FEB1-4F89-87A9-8CC965A7477D}.Debug|x86.ActiveCfg = Debug|Win32
		{B4843E08-FEB1-4F89-87A9-8CC965A7477D}.Debug|x86.Build.0 = Debug|Win32
		{B4843E08-FEB1-4F89-87A9-8CC965A7477D}.Release|x64.ActiveCfg = Release|x64
		{B4843E08-FEB1-4F89-87A9-8CC965A7477D}.Release|x64.Build.0 = Release|x64
		{B4843E08-FEB1-4F89-87A9-8CC965A7477D}.Release|x86.ActiveCfg = Release|Win32
		{B4843E08-FEB1-4F89-87A9-8CC965A7477D}.Release|x86.Build.0 = Release|Win32
	EndGlobalSection
	GlobalSection(SolutionProperties) = preSolution
		HideSolutionNode = FALSE
	EndGlobalSection
	GlobalSection(ExtensibilityGlobals) = postSolution
		SolutionGuid = {586FCAA2-83D2-4926-A6E6-3127701EA1F7}
	EndGlobalSection
EndGlobal
