
Microsoft Visual Studio Solution File, Format Version 12.00
# Visual Studio Version 16
VisualStudioVersion = 16.0.31424.327
MinimumVisualStudioVersion = 10.0.40219.1
Project("{8BC9CEB8-8B4A-11D0-8D11-00A0C91BC942}") = "array-grade-code exmaple", "array-grade-code exmaple\array-grade-code exmaple.vcxproj", "{ECD6886B-8C3B-4131-8FE7-93BAF73030DB}"
EndProject
Global
	GlobalSection(SolutionConfigurationPlatforms) = preSolution
		Debug|x64 = Debug|x64
		Debug|x86 = Debug|x86
		Release|x64 = Release|x64
		Release|x86 = Release|x86
	EndGlobalSection
	GlobalSection(ProjectConfigurationPlatforms) = postSolution
		{ECD6886B-8C3B-4131-8FE7-93BAF73030DB}.Debug|x64.ActiveCfg = Debug|x64
		{ECD6886B-8C3B-4131-8FE7-93BAF73030DB}.Debug|x64.Build.0 = Debug|x64
		{ECD6886B-8C3B-4131-8FE7-93BAF73030DB}.Debug|x86.ActiveCfg = Debug|Win32
		{ECD6886B-8C3B-4131-8FE7-93BAF73030DB}.Debug|x86.Build.0 = Debug|Win32
		{ECD6886B-8C3B-4131-8FE7-93BAF73030DB}.Release|x64.ActiveCfg = Release|x64
		{ECD6886B-8C3B-4131-8FE7-93BAF73030DB}.Release|x64.Build.0 = Release|x64
		{ECD6886B-8C3B-4131-8FE7-93BAF73030DB}.Release|x86.ActiveCfg = Release|Win32
		{ECD6886B-8C3B-4131-8FE7-93BAF73030DB}.Release|x86.Build.0 = Release|Win32
	EndGlobalSection
	GlobalSection(SolutionProperties) = preSolution
		HideSolutionNode = FALSE
	EndGlobalSection
	GlobalSection(ExtensibilityGlobals) = postSolution
		SolutionGuid = {39C09C4F-E147-44B1-B8EE-4E534F790FAE}
	EndGlobalSection
EndGlobal
